// !$*UTF8*$!
{
	archiveVersion = 1;
	classes = {
	};
	objectVersion = 46;
	objects = {

/* Begin PBXBuildFile section */
		3DC46DFA1B4F40260097E170 /* AppDelegate.swift in Sources */ = {isa = PBXBuildFile; fileRef = 3DC46DF91B4F40260097E170 /* AppDelegate.swift */; };
		3DC46DFC1B4F40260097E170 /* ViewController.swift in Sources */ = {isa = PBXBuildFile; fileRef = 3DC46DFB1B4F40260097E170 /* ViewController.swift */; };
		3DC46DFF1B4F40260097E170 /* Main.storyboard in Resources */ = {isa = PBXBuildFile; fileRef = 3DC46DFD1B4F40260097E170 /* Main.storyboard */; };
		3DC46E011B4F40260097E170 /* Images.xcassets in Resources */ = {isa = PBXBuildFile; fileRef = 3DC46E001B4F40260097E170 /* Images.xcassets */; };
		3DC46E041B4F40260097E170 /* LaunchScreen.xib in Resources */ = {isa = PBXBuildFile; fileRef = 3DC46E021B4F40260097E170 /* LaunchScreen.xib */; };
		3DC46E101B4F40260097E170 /* ExampleTests.swift in Sources */ = {isa = PBXBuildFile; fileRef = 3DC46E0F1B4F40260097E170 /* ExampleTests.swift */; };
		3DC46E221B4F40470097E170 /* TDGMessageKit.framework in Frameworks */ = {isa = PBXBuildFile; fileRef = 3DC46E1F1B4F402C0097E170 /* TDGMessageKit.framework */; };
		3DC46E231B4F40470097E170 /* TDGMessageKit.framework in Embed Frameworks */ = {isa = PBXBuildFile; fileRef = 3DC46E1F1B4F402C0097E170 /* TDGMessageKit.framework */; settings = {ATTRIBUTES = (CodeSignOnCopy, RemoveHeadersOnCopy, ); }; };
/* End PBXBuildFile section */

/* Begin PBXContainerItemProxy section */
		3DC46E0A1B4F40260097E170 /* PBXContainerItemProxy */ = {
			isa = PBXContainerItemProxy;
			containerPortal = 3DC46DEC1B4F40260097E170 /* Project object */;
			proxyType = 1;
			remoteGlobalIDString = 3DC46DF31B4F40260097E170;
			remoteInfo = Example;
		};
		3DC46E1E1B4F402C0097E170 /* PBXContainerItemProxy */ = {
			isa = PBXContainerItemProxy;
			containerPortal = 3DC46E191B4F402C0097E170 /* TDGMessageKit.xcodeproj */;
			proxyType = 2;
			remoteGlobalIDString = 3DC46DCF1B4F400A0097E170;
			remoteInfo = TDGMessageKit;
		};
		3DC46E201B4F402C0097E170 /* PBXContainerItemProxy */ = {
			isa = PBXContainerItemProxy;
			containerPortal = 3DC46E191B4F402C0097E170 /* TDGMessageKit.xcodeproj */;
			proxyType = 2;
			remoteGlobalIDString = 3DC46DDA1B4F400B0097E170;
			remoteInfo = TDGMessageKitTests;
		};
		3DC46E241B4F40470097E170 /* PBXContainerItemProxy */ = {
			isa = PBXContainerItemProxy;
			containerPortal = 3DC46E191B4F402C0097E170 /* TDGMessageKit.xcodeproj */;
			proxyType = 1;
			remoteGlobalIDString = 3DC46DCE1B4F400A0097E170;
			remoteInfo = TDGMessageKit;
		};
/* End PBXContainerItemProxy section */

/* Begin PBXCopyFilesBuildPhase section */
		3DC46E261B4F40480097E170 /* Embed Frameworks */ = {
			isa = PBXCopyFilesBuildPhase;
			buildActionMask = 2147483647;
			dstPath = "";
			dstSubfolderSpec = 10;
			files = (
				3DC46E231B4F40470097E170 /* TDGMessageKit.framework in Embed Frameworks */,
			);
			name = "Embed Frameworks";
			runOnlyForDeploymentPostprocessing = 0;
		};
/* End PBXCopyFilesBuildPhase section */

/* Begin PBXFileReference section */
		3DC46DF41B4F40260097E170 /* Example.app */ = {isa = PBXFileReference; explicitFileType = wrapper.application; includeInIndex = 0; path = Example.app; sourceTree = BUILT_PRODUCTS_DIR; };
		3DC46DF81B4F40260097E170 /* Info.plist */ = {isa = PBXFileReference; lastKnownFileType = text.plist.xml; path = Info.plist; sourceTree = "<group>"; };
		3DC46DF91B4F40260097E170 /* AppDelegate.swift */ = {isa = PBXFileReference; lastKnownFileType = sourcecode.swift; path = AppDelegate.swift; sourceTree = "<group>"; };
		3DC46DFB1B4F40260097E170 /* ViewController.swift */ = {isa = PBXFileReference; lastKnownFileType = sourcecode.swift; path = ViewController.swift; sourceTree = "<group>"; };
		3DC46DFE1B4F40260097E170 /* Base */ = {isa = PBXFileReference; lastKnownFileType = file.storyboard; name = Base; path = Base.lproj/Main.storyboard; sourceTree = "<group>"; };
		3DC46E001B4F40260097E170 /* Images.xcassets */ = {isa = PBXFileReference; lastKnownFileType = folder.assetcatalog; path = Images.xcassets; sourceTree = "<group>"; };
		3DC46E031B4F40260097E170 /* Base */ = {isa = PBXFileReference; lastKnownFileType = file.xib; name = Base; path = Base.lproj/LaunchScreen.xib; sourceTree = "<group>"; };
		3DC46E091B4F40260097E170 /* ExampleTests.xctest */ = {isa = PBXFileReference; explicitFileType = wrapper.cfbundle; includeInIndex = 0; path = ExampleTests.xctest; sourceTree = BUILT_PRODUCTS_DIR; };
		3DC46E0E1B4F40260097E170 /* Info.plist */ = {isa = PBXFileReference; lastKnownFileType = text.plist.xml; path = Info.plist; sourceTree = "<group>"; };
		3DC46E0F1B4F40260097E170 /* ExampleTests.swift */ = {isa = PBXFileReference; lastKnownFileType = sourcecode.swift; path = ExampleTests.swift; sourceTree = "<group>"; };
		3DC46E191B4F402C0097E170 /* TDGMessageKit.xcodeproj */ = {isa = PBXFileReference; lastKnownFileType = "wrapper.pb-project"; name = TDGMessageKit.xcodeproj; path = ../TDGMessageKit.xcodeproj; sourceTree = "<group>"; };
/* End PBXFileReference section */

/* Begin PBXFrameworksBuildPhase section */
		3DC46DF11B4F40260097E170 /* Frameworks */ = {
			isa = PBXFrameworksBuildPhase;
			buildActionMask = 2147483647;
			files = (
				3DC46E221B4F40470097E170 /* TDGMessageKit.framework in Frameworks */,
			);
			runOnlyForDeploymentPostprocessing = 0;
		};
		3DC46E061B4F40260097E170 /* Frameworks */ = {
			isa = PBXFrameworksBuildPhase;
			buildActionMask = 2147483647;
			files = (
			);
			runOnlyForDeploymentPostprocessing = 0;
		};
/* End PBXFrameworksBuildPhase section */

/* Begin PBXGroup section */
		3DC46DEB1B4F40260097E170 = {
			isa = PBXGroup;
			children = (
				3DC46DF61B4F40260097E170 /* Example */,
				3DC46E0C1B4F40260097E170 /* ExampleTests */,
				3DC46DF51B4F40260097E170 /* Products */,
				3DC46E191B4F402C0097E170 /* TDGMessageKit.xcodeproj */,
			);
			sourceTree = "<group>";
		};
		3DC46DF51B4F40260097E170 /* Products */ = {
			isa = PBXGroup;
			children = (
				3DC46DF41B4F40260097E170 /* Example.app */,
				3DC46E091B4F40260097E170 /* ExampleTests.xctest */,
			);
			name = Products;
			sourceTree = "<group>";
		};
		3DC46DF61B4F40260097E170 /* Example */ = {
			isa = PBXGroup;
			children = (
				3DC46DF91B4F40260097E170 /* AppDelegate.swift */,
				3DC46DFB1B4F40260097E170 /* ViewController.swift */,
				3DC46DFD1B4F40260097E170 /* Main.storyboard */,
				3DC46E001B4F40260097E170 /* Images.xcassets */,
				3DC46E021B4F40260097E170 /* LaunchScreen.xib */,
				3DC46DF71B4F40260097E170 /* Supporting Files */,
			);
			path = Example;
			sourceTree = "<group>";
		};
		3DC46DF71B4F40260097E170 /* Supporting Files */ = {
			isa = PBXGroup;
			children = (
				3DC46DF81B4F40260097E170 /* Info.plist */,
			);
			name = "Supporting Files";
			sourceTree = "<group>";
		};
		3DC46E0C1B4F40260097E170 /* ExampleTests */ = {
			isa = PBXGroup;
			children = (
				3DC46E0F1B4F40260097E170 /* ExampleTests.swift */,
				3DC46E0D1B4F40260097E170 /* Supporting Files */,
			);
			path = ExampleTests;
			sourceTree = "<group>";
		};
		3DC46E0D1B4F40260097E170 /* Supporting Files */ = {
			isa = PBXGroup;
			children = (
				3DC46E0E1B4F40260097E170 /* Info.plist */,
			);
			name = "Supporting Files";
			sourceTree = "<group>";
		};
		3DC46E1A1B4F402C0097E170 /* Products */ = {
			isa = PBXGroup;
			children = (
				3DC46E1F1B4F402C0097E170 /* TDGMessageKit.framework */,
				3DC46E211B4F402C0097E170 /* TDGMessageKitTests.xctest */,
			);
			name = Products;
			sourceTree = "<group>";
		};
/* End PBXGroup section */

/* Begin PBXNativeTarget section */
		3DC46DF31B4F40260097E170 /* Example */ = {
			isa = PBXNativeTarget;
			buildConfigurationList = 3DC46E131B4F40260097E170 /* Build configuration list for PBXNativeTarget "Example" */;
			buildPhases = (
				3DC46DF01B4F40260097E170 /* Sources */,
				3DC46DF11B4F40260097E170 /* Frameworks */,
				3DC46DF21B4F40260097E170 /* Resources */,
				3DC46E261B4F40480097E170 /* Embed Frameworks */,
			);
			buildRules = (
			);
			dependencies = (
				3DC46E251B4F40470097E170 /* PBXTargetDependency */,
			);
			name = Example;
			productName = Example;
			productReference = 3DC46DF41B4F40260097E170 /* Example.app */;
			productType = "com.apple.product-type.application";
		};
		3DC46E081B4F40260097E170 /* ExampleTests */ = {
			isa = PBXNativeTarget;
			buildConfigurationList = 3DC46E161B4F40260097E170 /* Build configuration list for PBXNativeTarget "ExampleTests" */;
			buildPhases = (
				3DC46E051B4F40260097E170 /* Sources */,
				3DC46E061B4F40260097E170 /* Frameworks */,
				3DC46E071B4F40260097E170 /* Resources */,
			);
			buildRules = (
			);
			dependencies = (
				3DC46E0B1B4F40260097E170 /* PBXTargetDependency */,
			);
			name = ExampleTests;
			productName = ExampleTests;
			productReference = 3DC46E091B4F40260097E170 /* ExampleTests.xctest */;
			productType = "com.apple.product-type.bundle.unit-test";
		};
/* End PBXNativeTarget section */

/* Begin PBXProject section */
		3DC46DEC1B4F40260097E170 /* Project object */ = {
			isa = PBXProject;
			attributes = {
				LastUpgradeCheck = 0640;
				ORGANIZATIONNAME = "Taha Doğan Güneş";
				TargetAttributes = {
					3DC46DF31B4F40260097E170 = {
						CreatedOnToolsVersion = 6.4;
					};
					3DC46E081B4F40260097E170 = {
						CreatedOnToolsVersion = 6.4;
						TestTargetID = 3DC46DF31B4F40260097E170;
					};
				};
			};
			buildConfigurationList = 3DC46DEF1B4F40260097E170 /* Build configuration list for PBXProject "Example" */;
			compatibilityVersion = "Xcode 3.2";
			developmentRegion = English;
			hasScannedForEncodings = 0;
			knownRegions = (
				en,
				Base,
			);
			mainGroup = 3DC46DEB1B4F40260097E170;
			productRefGroup = 3DC46DF51B4F40260097E170 /* Products */;
			projectDirPath = "";
			projectReferences = (
				{
					ProductGroup = 3DC46E1A1B4F402C0097E170 /* Products */;
					ProjectRef = 3DC46E191B4F402C0097E170 /* TDGMessageKit.xcodeproj */;
				},
			);
			projectRoot = "";
			targets = (
				3DC46DF31B4F40260097E170 /* Example */,
				3DC46E081B4F40260097E170 /* ExampleTests */,
			);
		};
/* End PBXProject section */

/* Begin PBXReferenceProxy section */
		3DC46E1F1B4F402C0097E170 /* TDGMessageKit.framework */ = {
			isa = PBXReferenceProxy;
			fileType = wrapper.framework;
			path = TDGMessageKit.framework;
			remoteRef = 3DC46E1E1B4F402C0097E170 /* PBXContainerItemProxy */;
			sourceTree = BUILT_PRODUCTS_DIR;
		};
		3DC46E211B4F402C0097E170 /* TDGMessageKitTests.xctest */ = {
			isa = PBXReferenceProxy;
			fileType = wrapper.cfbundle;
			path = TDGMessageKitTests.xctest;
			remoteRef = 3DC46E201B4F402C0097E170 /* PBXContainerItemProxy */;
			sourceTree = BUILT_PRODUCTS_DIR;
		};
/* End PBXReferenceProxy section */

/* Begin PBXResourcesBuildPhase section */
		3DC46DF21B4F40260097E170 /* Resources */ = {
			isa = PBXResourcesBuildPhase;
			buildActionMask = 2147483647;
			files = (
				3DC46DFF1B4F40260097E170 /* Main.storyboard in Resources */,
				3DC46E041B4F40260097E170 /* LaunchScreen.xib in Resources */,
				3DC46E011B4F40260097E170 /* Images.xcassets in Resources */,
			);
			runOnlyForDeploymentPostprocessing = 0;
		};
		3DC46E071B4F40260097E170 /* Resources */ = {
			isa = PBXResourcesBuildPhase;
			buildActionMask = 2147483647;
			files = (
			);
			runOnlyForDeploymentPostprocessing = 0;
		};
/* End PBXResourcesBuildPhase section */

/* Begin PBXSourcesBuildPhase section */
		3DC46DF01B4F40260097E170 /* Sources */ = {
			isa = PBXSourcesBuildPhase;
			buildActionMask = 2147483647;
			files = (
				3DC46DFC1B4F40260097E170 /* ViewController.swift in Sources */,
				3DC46DFA1B4F40260097E170 /* AppDelegate.swift in Sources */,
			);
			runOnlyForDeploymentPostprocessing = 0;
		};
		3DC46E051B4F40260097E170 /* Sources */ = {
			isa = PBXSourcesBuildPhase;
			buildActionMask = 2147483647;
			files = (
				3DC46E101B4F40260097E170 /* ExampleTests.swift in Sources */,
			);
			runOnlyForDeploymentPostprocessing = 0;
		};
/* End PBXSourcesBuildPhase section */

/* Begin PBXTargetDependency section */
		3DC46E0B1B4F40260097E170 /* PBXTargetDependency */ = {
			isa = PBXTargetDependency;
			target = 3DC46DF31B4F40260097E170 /* Example */;
			targetProxy = 3DC46E0A1B4F40260097E170 /* PBXContainerItemProxy */;
		};
		3DC46E251B4F40470097E170 /* PBXTargetDependency */ = {
			isa = PBXTargetDependency;
			name = TDGMessageKit;
			targetProxy = 3DC46E241B4F40470097E170 /* PBXContainerItemProxy */;
		};
/* End PBXTargetDependency section */

/* Begin PBXVariantGroup section */
		3DC46DFD1B4F40260097E170 /* Main.storyboard */ = {
			isa = PBXVariantGroup;
			children = (
				3DC46DFE1B4F40260097E170 /* Base */,
			);
			name = Main.storyboard;
			sourceTree = "<group>";
		};
		3DC46E021B4F40260097E170 /* LaunchScreen.xib */ = {
			isa = PBXVariantGroup;
			children = (
				3DC46E031B4F40260097E170 /* Base */,
			);
			name = LaunchScreen.xib;
			sourceTree = "<group>";
		};
/* End PBXVariantGroup section */

/* Begin XCBuildConfiguration section */
		3DC46E111B4F40260097E170 /* Debug */ = {
			isa = XCBuildConfiguration;
			buildSettings = {
				ALWAYS_SEARCH_USER_PATHS = NO;
				CLANG_CXX_LANGUAGE_STANDARD = "gnu++0x";
				CLANG_CXX_LIBRARY = "libc++";
				CLANG_ENABLE_MODULES = YES;
				CLANG_ENABLE_OBJC_ARC = YES;
				CLANG_WARN_BOOL_CONVERSION = YES;
				CLANG_WARN_CONSTANT_CONVERSION = YES;
				CLANG_WARN_DIRECT_OBJC_ISA_USAGE = YES_ERROR;
				CLANG_WARN_EMPTY_BODY = YES;
				CLANG_WARN_ENUM_CONVERSION = YES;
				CLANG_WARN_INT_CONVERSION = YES;
				CLANG_WARN_OBJC_ROOT_CLASS = YES_ERROR;
				CLANG_WARN_UNREACHABLE_CODE = YES;
				CLANG_WARN__DUPLICATE_METHOD_MATCH = YES;
				"CODE_SIGN_IDENTITY[sdk=iphoneos*]" = "iPhone Developer";
				COPY_PHASE_STRIP = NO;
				DEBUG_INFORMATION_FORMAT = "dwarf-with-dsym";
				ENABLE_STRICT_OBJC_MSGSEND = YES;
				GCC_C_LANGUAGE_STANDARD = gnu99;
				GCC_DYNAMIC_NO_PIC = NO;
				GCC_NO_COMMON_BLOCKS = YES;
				GCC_OPTIMIZATION_LEVEL = 0;
				GCC_PREPROCESSOR_DEFINITIONS = (
					"DEBUG=1",
					"$(inherited)",
				);
				GCC_SYMBOLS_PRIVATE_EXTERN = NO;
				GCC_WARN_64_TO_32_BIT_CONVERSION = YES;
				GCC_WARN_ABOUT_RETURN_TYPE = YES_ERROR;
				GCC_WARN_UNDECLARED_SELECTOR = YES;
				GCC_WARN_UNINITIALIZED_AUTOS = YES_AGGRESSIVE;
				GCC_WARN_UNUSED_FUNCTION = YES;
				GCC_WARN_UNUSED_VARIABLE = YES;
				IPHONEOS_DEPLOYMENT_TARGET = 8.4;
				MTL_ENABLE_DEBUG_INFO = YES;
				ONLY_ACTIVE_ARCH = YES;
				SDKROOT = iphoneos;
				SWIFT_OPTIMIZATION_LEVEL = "-Onone";
				TARGETED_DEVICE_FAMILY = "1,2";
			};
			name = Debug;
		};
		3DC46E121B4F40260097E170 /* Release */ = {
			isa = XCBuildConfiguration;
			buildSettings = {
				ALWAYS_SEARCH_USER_PATHS = NO;
				CLANG_CXX_LANGUAGE_STANDARD = "gnu++0x";
				CLANG_CXX_LIBRARY = "libc++";
				CLANG_ENABLE_MODULES = YES;
				CLANG_ENABLE_OBJC_ARC = YES;
				CLANG_WARN_BOOL_CONVERSION = YES;
				CLANG_WARN_CONSTANT_CONVERSION = YES;
				CLANG_WARN_DIRECT_OBJC_ISA_USAGE = YES_ERROR;
				CLANG_WARN_EMPTY_BODY = YES;
				CLANG_WARN_ENUM_CONVERSION = YES;
				CLANG_WARN_INT_CONVERSION = YES;
				CLANG_WARN_OBJC_ROOT_CLASS = YES_ERROR;
				CLANG_WARN_UNREACHABLE_CODE = YES;
				CLANG_WARN__DUPLICATE_METHOD_MATCH = YES;
				"CODE_SIGN_IDENTITY[sdk=iphoneos*]" = "iPhone Developer";
				COPY_PHASE_STRIP = NO;
				DEBUG_INFORMATION_FORMAT = "dwarf-with-dsym";
				ENABLE_NS_ASSERTIONS = NO;
				ENABLE_STRICT_OBJC_MSGSEND = YES;
				GCC_C_LANGUAGE_STANDARD = gnu99;
				GCC_NO_COMMON_BLOCKS = YES;
				GCC_WARN_64_TO_32_BIT_CONVERSION = YES;
				GCC_WARN_ABOUT_RETURN_TYPE = YES_ERROR;
				GCC_WARN_UNDECLARED_SELECTOR = YES;
				GCC_WARN_UNINITIALIZED_AUTOS = YES_AGGRESSIVE;
				GCC_WARN_UNUSED_FUNCTION = YES;
				GCC_WARN_UNUSED_VARIABLE = YES;
				IPHONEOS_DEPLOYMENT_TARGET = 8.4;
				MTL_ENABLE_DEBUG_INFO = NO;
				SDKROOT = iphoneos;
				TARGETED_DEVICE_FAMILY = "1,2";
				VALIDATE_PRODUCT = YES;
			};
			name = Release;
		};
		3DC46E141B4F40260097E170 /* Debug */ = {
			isa = XCBuildConfiguration;
			buildSettings = {
				ASSETCATALOG_COMPILER_APPICON_NAME = AppIcon;
				INFOPLIST_FILE = Example/Info.plist;
				LD_RUNPATH_SEARCH_PATHS = "$(inherited) @executable_path/Frameworks";
				PRODUCT_NAME = "$(TARGET_NAME)";
			};
			name = Debug;
		};
		3DC46E151B4F40260097E170 /* Release */ = {
			isa = XCBuildConfiguration;
			buildSettings = {
				ASSETCATALOG_COMPILER_APPICON_NAME = AppIcon;
				INFOPLIST_FILE = Example/Info.plist;
				LD_RUNPATH_SEARCH_PATHS = "$(inherited) @executable_path/Frameworks";
				PRODUCT_NAME = "$(TARGET_NAME)";
			};
			name = Release;
		};
		3DC46E171B4F40260097E170 /* Debug */ = {
			isa = XCBuildConfiguration;
			buildSettings = {
				BUNDLE_LOADER = "$(TEST_HOST)";
				FRAMEWORK_SEARCH_PATHS = (
					"$(SDKROOT)/Developer/Library/Frameworks",
					"$(inherited)",
				);
				GCC_PREPROCESSOR_DEFINITIONS = (
					"DEBUG=1",
					"$(inherited)",
				);
				INFOPLIST_FILE = ExampleTests/Info.plist;
				LD_RUNPATH_SEARCH_PATHS = "$(inherited) @executable_path/Frameworks @loader_path/Frameworks";
				PRODUCT_NAME = "$(TARGET_NAME)";
				TEST_HOST = "$(BUILT_PRODUCTS_DIR)/Example.app/Example";
			};
			name = Debug;
		};
		3DC46E181B4F40260097E170 /* Release */ = {
			isa = XCBuildConfiguration;
			buildSettings = {
				BUNDLE_LOADER = "$(TEST_HOST)";
				FRAMEWORK_SEARCH_PATHS = (
					"$(SDKROOT)/Developer/Library/Frameworks",
					"$(inherited)",
				);
				INFOPLIST_FILE = ExampleTests/Info.plist;
				LD_RUNPATH_SEARCH_PATHS = "$(inherited) @executable_path/Frameworks @loader_path/Frameworks";
				PRODUCT_NAME = "$(TARGET_NAME)";
				TEST_HOST = "$(BUILT_PRODUCTS_DIR)/Example.app/Example";
			};
			name = Release;
		};
/* End XCBuildConfiguration section */

/* Begin XCConfigurationList section */
		3DC46DEF1B4F40260097E170 /* Build configuration list for PBXProject "Example" */ = {
			isa = XCConfigurationList;
			buildConfigurations = (
				3DC46E111B4F40260097E170 /* Debug */,
				3DC46E121B4F40260097E170 /* Release */,
			);
			defaultConfigurationIsVisible = 0;
			defaultConfigurationName = Release;
		};
		3DC46E131B4F40260097E170 /* Build configuration list for PBXNativeTarget "Example" */ = {
			isa = XCConfigurationList;
			buildConfigurations = (
				3DC46E141B4F40260097E170 /* Debug */,
				3DC46E151B4F40260097E170 /* Release */,
			);
			defaultConfigurationIsVisible = 0;
			defaultConfigurationName = Release;
		};
		3DC46E161B4F40260097E170 /* Build configuration list for PBXNativeTarget "ExampleTests" */ = {
			isa = XCConfigurationList;
			buildConfigurations = (
				3DC46E171B4F40260097E170 /* Debug */,
				3DC46E181B4F40260097E170 /* Release */,
			);
			defaultConfigurationIsVisible = 0;
			defaultConfigurationName = Release;
		};
/* End XCConfigurationList section */
	};
	rootObject = 3DC46DEC1B4F40260097E170 /* Project object */;
}
